
Microsoft Visual Studio Solution File, Format Version 10.00
# Visual Studio 2008
Project("{2150E333-8FDC-42A3-9474-1A3956D46DE8}") = "sw_en", "sw_en", "{2103852C-828A-4D0B-AEB7-0BCE9168AF35}"
EndProject
Project("{2150E333-8FDC-42A3-9474-1A3956D46DE8}") = "MODULES", "MODULES", "{7239374F-E8CD-4AB3-B6FC-181D1525AF71}"
EndProject
Project("{2150E333-8FDC-42A3-9474-1A3956D46DE8}") = "FEM", "FEM", "{31ABDBB2-53AB-4296-A003-E91CECB9CE51}"
EndProject
Project("{FAE04EC0-301F-11D3-BF4B-00C04F79EFBC}") = "SW_EN", "sw_en\SW_EN.csproj", "{8D8A9215-1A12-4970-9CAB-09762D182642}"
EndProject
Project("{FAE04EC0-301F-11D3-BF4B-00C04F79EFBC}") = "FEM_CALC_1D", "FEM\FEM_CALC_1D\FEM_CALC_1D.csproj", "{C027BE8A-6935-4525-BB39-A1A2F2F8C0D7}"
EndProject
Project("{FAE04EC0-301F-11D3-BF4B-00C04F79EFBC}") = "M_BASE", "MODULES\M_BASE\M_BASE.csproj", "{AD3E14F4-72C6-476E-B67F-93CC194E0E02}"
EndProject
Project("{FAE04EC0-301F-11D3-BF4B-00C04F79EFBC}") = "M_EC1", "MODULES\M_EC1\M_EC1.csproj", "{9764D1BF-A2B3-45D6-AB93-050DCE30830C}"
EndProject
Project("{FAE04EC0-301F-11D3-BF4B-00C04F79EFBC}") = "M_EC2", "MODULES\M_EC2\M_EC2.csproj", "{5F7F75F6-D383-4B86-9406-EC68C75090C6}"
EndProject
Project("{FAE04EC0-301F-11D3-BF4B-00C04F79EFBC}") = "M_EC3", "MODULES\M_EC3\M_EC3.csproj", "{515CE0E4-0E37-453D-869E-2A651557389E}"
	ProjectSection(ProjectDependencies) = postProject
		{AD3E14F4-72C6-476E-B67F-93CC194E0E02} = {AD3E14F4-72C6-476E-B67F-93CC194E0E02}
	EndProjectSection
EndProject
Project("{FAE04EC0-301F-11D3-BF4B-00C04F79EFBC}") = "M_EC4", "MODULES\M_EC4\M_EC4.csproj", "{B18D348E-0355-4CFD-91A9-FD8D30FE2B74}"
EndProject
Project("{FAE04EC0-301F-11D3-BF4B-00C04F79EFBC}") = "M_EC5", "MODULES\M_EC5\M_EC5.csproj", "{62C43A87-8703-4264-B7CF-46F7A1A9F918}"
EndProject
Project("{FAE04EC0-301F-11D3-BF4B-00C04F79EFBC}") = "M_EC6", "MODULES\M_EC6\M_EC6.csproj", "{88087731-387C-4A65-9644-9E17339AB10C}"
EndProject
Project("{FAE04EC0-301F-11D3-BF4B-00C04F79EFBC}") = "M_EC7", "MODULES\M_EC7\M_EC7.csproj", "{A18F3BFB-3A2B-4191-9AC6-B52958367616}"
EndProject
Project("{FAE04EC0-301F-11D3-BF4B-00C04F79EFBC}") = "M_EC8", "MODULES\M_EC8\M_EC8.csproj", "{6FE7FFA4-0A03-4891-B796-878EF414AC28}"
EndProject
Project("{FAE04EC0-301F-11D3-BF4B-00C04F79EFBC}") = "M_EC9", "MODULES\M_EC9\M_EC9.csproj", "{B37DD6B9-7A5E-412B-A45B-05AD0ABF573E}"
	ProjectSection(ProjectDependencies) = postProject
		{AD3E14F4-72C6-476E-B67F-93CC194E0E02} = {AD3E14F4-72C6-476E-B67F-93CC194E0E02}
	EndProjectSection
EndProject
Project("{2150E333-8FDC-42A3-9474-1A3956D46DE8}") = "TOPO", "TOPO", "{BE103440-EDD6-44DC-A809-66CC652C000B}"
EndProject
Project("{FAE04EC0-301F-11D3-BF4B-00C04F79EFBC}") = "BaseClasses", "BaseClasses\BaseClasses.csproj", "{41236339-3F00-4767-8150-24B22A54E8D5}"
EndProject
Project("{2150E333-8FDC-42A3-9474-1A3956D46DE8}") = "GUI", "GUI", "{BCCCE669-52A8-412E-9639-7DD7AE416B7D}"
EndProject
Project("{FAE04EC0-301F-11D3-BF4B-00C04F79EFBC}") = "sw_en_GUI", "sw_en_GUI\sw_en_GUI.csproj", "{76F7949B-0055-4004-BF34-BDED850AE842}"
EndProject
Global
	GlobalSection(SubversionScc) = preSolution
		Svn-Managed = True
		Manager = AnkhSVN - Subversion Support for Visual Studio
	EndGlobalSection
	GlobalSection(SolutionConfigurationPlatforms) = preSolution
		Debug|Any CPU = Debug|Any CPU
		Release|Any CPU = Release|Any CPU
	EndGlobalSection
	GlobalSection(ProjectConfigurationPlatforms) = postSolution
		{8D8A9215-1A12-4970-9CAB-09762D182642}.Debug|Any CPU.ActiveCfg = Debug|Any CPU
		{8D8A9215-1A12-4970-9CAB-09762D182642}.Release|Any CPU.ActiveCfg = Release|Any CPU
		{8D8A9215-1A12-4970-9CAB-09762D182642}.Release|Any CPU.Build.0 = Release|Any CPU
		{C027BE8A-6935-4525-BB39-A1A2F2F8C0D7}.Debug|Any CPU.ActiveCfg = Debug|Any CPU
		{C027BE8A-6935-4525-BB39-A1A2F2F8C0D7}.Release|Any CPU.ActiveCfg = Release|Any CPU
		{C027BE8A-6935-4525-BB39-A1A2F2F8C0D7}.Release|Any CPU.Build.0 = Release|Any CPU
		{AD3E14F4-72C6-476E-B67F-93CC194E0E02}.Debug|Any CPU.ActiveCfg = Debug|Any CPU
		{AD3E14F4-72C6-476E-B67F-93CC194E0E02}.Release|Any CPU.ActiveCfg = Release|Any CPU
		{AD3E14F4-72C6-476E-B67F-93CC194E0E02}.Release|Any CPU.Build.0 = Release|Any CPU
		{9764D1BF-A2B3-45D6-AB93-050DCE30830C}.Debug|Any CPU.ActiveCfg = Debug|Any CPU
		{9764D1BF-A2B3-45D6-AB93-050DCE30830C}.Release|Any CPU.ActiveCfg = Release|Any CPU
		{9764D1BF-A2B3-45D6-AB93-050DCE30830C}.Release|Any CPU.Build.0 = Release|Any CPU
		{5F7F75F6-D383-4B86-9406-EC68C75090C6}.Debug|Any CPU.ActiveCfg = Debug|Any CPU
		{5F7F75F6-D383-4B86-9406-EC68C75090C6}.Release|Any CPU.ActiveCfg = Release|Any CPU
		{5F7F75F6-D383-4B86-9406-EC68C75090C6}.Release|Any CPU.Build.0 = Release|Any CPU
		{515CE0E4-0E37-453D-869E-2A651557389E}.Debug|Any CPU.ActiveCfg = Debug|Any CPU
		{515CE0E4-0E37-453D-869E-2A651557389E}.Release|Any CPU.ActiveCfg = Release|Any CPU
		{515CE0E4-0E37-453D-869E-2A651557389E}.Release|Any CPU.Build.0 = Release|Any CPU
		{B18D348E-0355-4CFD-91A9-FD8D30FE2B74}.Debug|Any CPU.ActiveCfg = Debug|Any CPU
		{B18D348E-0355-4CFD-91A9-FD8D30FE2B74}.Release|Any CPU.ActiveCfg = Release|Any CPU
		{B18D348E-0355-4CFD-91A9-FD8D30FE2B74}.Release|Any CPU.Build.0 = Release|Any CPU
		{62C43A87-8703-4264-B7CF-46F7A1A9F918}.Debug|Any CPU.ActiveCfg = Debug|Any CPU
		{62C43A87-8703-4264-B7CF-46F7A1A9F918}.Release|Any CPU.ActiveCfg = Release|Any CPU
		{62C43A87-8703-4264-B7CF-46F7A1A9F918}.Release|Any CPU.Build.0 = Release|Any CPU
		{88087731-387C-4A65-9644-9E17339AB10C}.Debug|Any CPU.ActiveCfg = Debug|Any CPU
		{88087731-387C-4A65-9644-9E17339AB10C}.Release|Any CPU.ActiveCfg = Release|Any CPU
		{88087731-387C-4A65-9644-9E17339AB10C}.Release|Any CPU.Build.0 = Release|Any CPU
		{A18F3BFB-3A2B-4191-9AC6-B52958367616}.Debug|Any CPU.ActiveCfg = Debug|Any CPU
		{A18F3BFB-3A2B-4191-9AC6-B52958367616}.Release|Any CPU.ActiveCfg = Release|Any CPU
		{A18F3BFB-3A2B-4191-9AC6-B52958367616}.Release|Any CPU.Build.0 = Release|Any CPU
		{6FE7FFA4-0A03-4891-B796-878EF414AC28}.Debug|Any CPU.ActiveCfg = Debug|Any CPU
		{6FE7FFA4-0A03-4891-B796-878EF414AC28}.Release|Any CPU.ActiveCfg = Release|Any CPU
		{6FE7FFA4-0A03-4891-B796-878EF414AC28}.Release|Any CPU.Build.0 = Release|Any CPU
		{B37DD6B9-7A5E-412B-A45B-05AD0ABF573E}.Debug|Any CPU.ActiveCfg = Debug|Any CPU
		{B37DD6B9-7A5E-412B-A45B-05AD0ABF573E}.Release|Any CPU.ActiveCfg = Release|Any CPU
		{B37DD6B9-7A5E-412B-A45B-05AD0ABF573E}.Release|Any CPU.Build.0 = Release|Any CPU
		{41236339-3F00-4767-8150-24B22A54E8D5}.Debug|Any CPU.ActiveCfg = Debug|Any CPU
		{41236339-3F00-4767-8150-24B22A54E8D5}.Debug|Any CPU.Build.0 = Debug|Any CPU
		{41236339-3F00-4767-8150-24B22A54E8D5}.Release|Any CPU.ActiveCfg = Release|Any CPU
		{41236339-3F00-4767-8150-24B22A54E8D5}.Release|Any CPU.Build.0 = Release|Any CPU
		{76F7949B-0055-4004-BF34-BDED850AE842}.Debug|Any CPU.ActiveCfg = Debug|Any CPU
		{76F7949B-0055-4004-BF34-BDED850AE842}.Debug|Any CPU.Build.0 = Debug|Any CPU
		{76F7949B-0055-4004-BF34-BDED850AE842}.Release|Any CPU.ActiveCfg = Release|Any CPU
		{76F7949B-0055-4004-BF34-BDED850AE842}.Release|Any CPU.Build.0 = Release|Any CPU
	EndGlobalSection
	GlobalSection(SolutionProperties) = preSolution
		HideSolutionNode = FALSE
	EndGlobalSection
	GlobalSection(NestedProjects) = preSolution
		{8D8A9215-1A12-4970-9CAB-09762D182642} = {2103852C-828A-4D0B-AEB7-0BCE9168AF35}
		{AD3E14F4-72C6-476E-B67F-93CC194E0E02} = {7239374F-E8CD-4AB3-B6FC-181D1525AF71}
		{9764D1BF-A2B3-45D6-AB93-050DCE30830C} = {7239374F-E8CD-4AB3-B6FC-181D1525AF71}
		{5F7F75F6-D383-4B86-9406-EC68C75090C6} = {7239374F-E8CD-4AB3-B6FC-181D1525AF71}
		{515CE0E4-0E37-453D-869E-2A651557389E} = {7239374F-E8CD-4AB3-B6FC-181D1525AF71}
		{B18D348E-0355-4CFD-91A9-FD8D30FE2B74} = {7239374F-E8CD-4AB3-B6FC-181D1525AF71}
		{62C43A87-8703-4264-B7CF-46F7A1A9F918} = {7239374F-E8CD-4AB3-B6FC-181D1525AF71}
		{88087731-387C-4A65-9644-9E17339AB10C} = {7239374F-E8CD-4AB3-B6FC-181D1525AF71}
		{A18F3BFB-3A2B-4191-9AC6-B52958367616} = {7239374F-E8CD-4AB3-B6FC-181D1525AF71}
		{6FE7FFA4-0A03-4891-B796-878EF414AC28} = {7239374F-E8CD-4AB3-B6FC-181D1525AF71}
		{B37DD6B9-7A5E-412B-A45B-05AD0ABF573E} = {7239374F-E8CD-4AB3-B6FC-181D1525AF71}
		{C027BE8A-6935-4525-BB39-A1A2F2F8C0D7} = {31ABDBB2-53AB-4296-A003-E91CECB9CE51}
		{41236339-3F00-4767-8150-24B22A54E8D5} = {BE103440-EDD6-44DC-A809-66CC652C000B}
		{76F7949B-0055-4004-BF34-BDED850AE842} = {BCCCE669-52A8-412E-9639-7DD7AE416B7D}
	EndGlobalSection
	GlobalSection(ExtensibilityGlobals) = postSolution
		VisualSVNWorkingCopyRoot = .
	EndGlobalSection
EndGlobal
